
Microsoft Visual Studio Solution File, Format Version 12.00
# Visual Studio Version 17
VisualStudioVersion = 17.1.32210.238
MinimumVisualStudioVersion = 10.0.40219.1
Project("{FAE04EC0-301F-11D3-BF4B-00C04F79EFBC}") = "Image Viewer", "Image Viewer\Image Viewer.csproj", "{C022275C-5180-43B8-A95B-F647053D5EA6}"
EndProject
Global
	GlobalSection(SolutionConfigurationPlatforms) = preSolution
		Debug|Any CPU = Debug|Any CPU
		Debug|x64 = Debug|x64
		Release|Any CPU = Release|Any CPU
		Release|x64 = Release|x64
	EndGlobalSection
	GlobalSection(ProjectConfigurationPlatforms) = postSolution
		{C022275C-5180-43B8-A95B-F647053D5EA6}.Debug|Any CPU.ActiveCfg = Debug|Any CPU
		{C022275C-5180-43B8-A95B-F647053D5EA6}.Debug|Any CPU.Build.0 = Debug|Any CPU
		{C022275C-5180-43B8-A95B-F647053D5EA6}.Debug|x64.ActiveCfg = Debug|x64
		{C022275C-5180-43B8-A95B-F647053D5EA6}.Debug|x64.Build.0 = Debug|x64
		{C022275C-5180-43B8-A95B-F647053D5EA6}.Release|Any CPU.ActiveCfg = Release|Any CPU
		{C022275C-5180-43B8-A95B-F647053D5EA6}.Release|Any CPU.Build.0 = Release|Any CPU
		{C022275C-5180-43B8-A95B-F647053D5EA6}.Release|x64.ActiveCfg = Release|x64
		{C022275C-5180-43B8-A95B-F647053D5EA6}.Release|x64.Build.0 = Release|x64
	EndGlobalSection
	GlobalSection(SolutionProperties) = preSolution
		HideSolutionNode = FALSE
	EndGlobalSection
	GlobalSection(ExtensibilityGlobals) = postSolution
		SolutionGuid = {66477219-76B3-4483-AAAA-DD827CB223AE}
	EndGlobalSection
EndGlobal
